<?xml version="1.0" encoding="utf-8"?>
<Project ToolsVersion="4.0" xmlns="http://schemas.microsoft.com/developer/msbuild/2003">
  <ItemGroup>
    <ClCompile Include="deomain.cpp" />
    <ClCompile Include="dirty.cpp" />
    <ClCompile Include="cursor.cpp" />
  </ItemGroup>
  <ItemGroup>
    <ClInclude Include="deodhai.h" />
    <ClInclude Include="dirty.h" />
    <ClInclude Include="cursor.h" />
  </ItemGroup>
</Project>