<?xml version="1.0" encoding="utf-8"?>
<Project ToolsVersion="4.0" xmlns="http://schemas.microsoft.com/developer/msbuild/2003">
  <ItemGroup>
    <ClCompile Include="xnldr.cpp" />
    <ClCompile Include="video.cpp" />
    <ClCompile Include="clib.cpp" />
    <ClCompile Include="xnout.cpp" />
    <ClCompile Include="file.cpp" />
    <ClCompile Include="mem.cpp" />
    <ClCompile Include="pe.cpp" />
    <ClCompile Include="physm.cpp" />
    <ClCompile Include="paging.cpp" />
    <ClCompile Include="rpi3b\mbox.cpp">
      <Filter>rpi3b</Filter>
    </ClCompile>
    <ClCompile Include="uart0.cpp" />
    <ClCompile Include="vector.cpp" />
  </ItemGroup>
  <ItemGroup>
    <ClInclude Include="video.h" />
    <ClInclude Include="xnldr.h" />
    <ClInclude Include="clib.h" />
    <ClInclude Include="font.h" />
    <ClInclude Include="xnout.h" />
    <ClInclude Include="file.h" />
    <ClInclude Include="pe.h" />
    <ClInclude Include="physm.h" />
    <ClInclude Include="lowlevel.h" />
    <ClInclude Include="paging.h" />
    <ClInclude Include="uart0.h" />
    <ClInclude Include="rpi3b\mbox.h">
      <Filter>rpi3b</Filter>
    </ClInclude>
    <ClInclude Include="gpio.h" />
    <ClInclude Include="vector.h" />
  </ItemGroup>
  <ItemGroup>
    <CustomBuild Include="lowlevel.s" />
    <CustomBuild Include="vectoraa64.s" />
  </ItemGroup>
  <ItemGroup>
    <Filter Include="rpi3b">
      <UniqueIdentifier>{4a6321dd-5be3-4249-a056-c37dc173c67f}</UniqueIdentifier>
    </Filter>
  </ItemGroup>
</Project>