<?xml version="1.0" encoding="utf-8"?>
<Project ToolsVersion="4.0" xmlns="http://schemas.microsoft.com/developer/msbuild/2003">
  <ItemGroup>
    <Filter Include="includes">
      <UniqueIdentifier>{6fe930c9-11ee-4b6e-bbed-7d6f69cd532d}</UniqueIdentifier>
    </Filter>
    <Filter Include="includes\sys">
      <UniqueIdentifier>{b0d59f91-89cb-403a-b413-6902b02a2a84}</UniqueIdentifier>
    </Filter>
    <Filter Include="sys">
      <UniqueIdentifier>{82fe4b06-ca6f-41a5-ad03-0bfa15085830}</UniqueIdentifier>
    </Filter>
    <Filter Include="includes\c++">
      <UniqueIdentifier>{8b5cffae-2125-4393-90d1-c4cf87b5b1f1}</UniqueIdentifier>
    </Filter>
    <Filter Include="c++">
      <UniqueIdentifier>{f50df6ec-929a-4a32-81e7-6731f876efbc}</UniqueIdentifier>
    </Filter>
  </ItemGroup>
  <ItemGroup>
    <NASM Include="_callbase.asm" />
    <NASM Include="setjmp.asm" />
  </ItemGroup>
  <ItemGroup>
    <ClInclude Include="includes\stdint.h">
      <Filter>includes</Filter>
    </ClInclude>
    <ClInclude Include="includes\limits.h">
      <Filter>includes</Filter>
    </ClInclude>
    <ClInclude Include="includes\_xeneva.h">
      <Filter>includes</Filter>
    </ClInclude>
    <ClInclude Include="includes\string.h">
      <Filter>includes</Filter>
    </ClInclude>
    <ClInclude Include="includes\values.h">
      <Filter>includes</Filter>
    </ClInclude>
    <ClInclude Include="includes\math.h">
      <Filter>includes</Filter>
    </ClInclude>
    <ClInclude Include="includes\float.h">
      <Filter>includes</Filter>
    </ClInclude>
    <ClInclude Include="includes\endian.h">
      <Filter>includes</Filter>
    </ClInclude>
    <ClInclude Include="includes\ctype.h">
      <Filter>includes</Filter>
    </ClInclude>
    <ClInclude Include="includes\setjmp.h">
      <Filter>includes</Filter>
    </ClInclude>
    <ClInclude Include="includes\stdarg.h">
      <Filter>includes</Filter>
    </ClInclude>
    <ClInclude Include="includes\stddef.h">
      <Filter>includes</Filter>
    </ClInclude>
    <ClInclude Include="includes\sys\mman.h">
      <Filter>includes\sys</Filter>
    </ClInclude>
    <ClInclude Include="includes\sys\_keproc.h">
      <Filter>includes\sys</Filter>
    </ClInclude>
    <ClInclude Include="includes\sys\_kefile.h">
      <Filter>includes\sys</Filter>
    </ClInclude>
    <ClInclude Include="includes\sys\_heap.h">
      <Filter>includes\sys</Filter>
    </ClInclude>
    <ClInclude Include="includes\stdlib.h">
      <Filter>includes</Filter>
    </ClInclude>
    <ClInclude Include="includes\sys\utf.h">
      <Filter>includes\sys</Filter>
    </ClInclude>
    <ClInclude Include="includes\errno.h">
      <Filter>includes</Filter>
    </ClInclude>
    <ClInclude Include="includes\stdio.h">
      <Filter>includes</Filter>
    </ClInclude>
    <ClInclude Include="includes\sys\iocodes.h">
      <Filter>includes\sys</Filter>
    </ClInclude>
    <ClInclude Include="includes\sys\_kesignal.h">
      <Filter>includes\sys</Filter>
    </ClInclude>
    <ClInclude Include="includes\sys\_keipcpostbox.h">
      <Filter>includes\sys</Filter>
    </ClInclude>
    <ClInclude Include="includes\c++\cctype">
      <Filter>includes\c++</Filter>
    </ClInclude>
    <ClInclude Include="includes\c++\cmath">
      <Filter>includes\c++</Filter>
    </ClInclude>
    <ClInclude Include="includes\c++\cstddef">
      <Filter>includes\c++</Filter>
    </ClInclude>
    <ClInclude Include="includes\c++\cstdlib">
      <Filter>includes\c++</Filter>
    </ClInclude>
    <ClInclude Include="includes\c++\ios">
      <Filter>includes\c++</Filter>
    </ClInclude>
    <ClInclude Include="includes\c++\iostream">
      <Filter>includes\c++</Filter>
    </ClInclude>
    <ClInclude Include="includes\c++\istream">
      <Filter>includes\c++</Filter>
    </ClInclude>
    <ClInclude Include="includes\c++\iterator">
      <Filter>includes\c++</Filter>
    </ClInclude>
    <ClInclude Include="includes\c++\memory">
      <Filter>includes\c++</Filter>
    </ClInclude>
    <ClInclude Include="includes\c++\ostream">
      <Filter>includes\c++</Filter>
    </ClInclude>
    <ClInclude Include="includes\c++\streambuf">
      <Filter>includes\c++</Filter>
    </ClInclude>
    <ClInclude Include="includes\c++\string">
      <Filter>includes\c++</Filter>
    </ClInclude>
    <ClInclude Include="includes\sys\types.h">
      <Filter>includes\sys</Filter>
    </ClInclude>
    <ClInclude Include="includes\size_t.h">
      <Filter>includes</Filter>
    </ClInclude>
    <ClInclude Include="includes\sys\_keftmngr.h">
      <Filter>includes\sys</Filter>
    </ClInclude>
    <ClInclude Include="includes\sys\_keycode.h">
      <Filter>includes\sys</Filter>
    </ClInclude>
    <ClInclude Include="includes\sys\_ketty.h">
      <Filter>includes\sys</Filter>
    </ClInclude>
    <ClInclude Include="includes\sys\_ketime.h">
      <Filter>includes\sys</Filter>
    </ClInclude>
    <ClInclude Include="includes\sys\_ketimer.h">
      <Filter>includes\sys</Filter>
    </ClInclude>
    <ClInclude Include="includes\assert.h">
      <Filter>includes</Filter>
    </ClInclude>
    <ClInclude Include="includes\fcntl.h">
      <Filter>includes</Filter>
    </ClInclude>
    <ClInclude Include="includes\sys\stat.h">
      <Filter>includes\sys</Filter>
    </ClInclude>
    <ClInclude Include="includes\time.h">
      <Filter>includes</Filter>
    </ClInclude>
    <ClInclude Include="includes\_xeprint.h">
      <Filter>includes</Filter>
    </ClInclude>
  </ItemGroup>
  <ItemGroup>
    <ClCompile Include="string.cpp" />
    <ClCompile Include="math.cpp" />
    <ClCompile Include="sys\_heap.cpp">
      <Filter>sys</Filter>
    </ClCompile>
    <ClCompile Include="stdlib.cpp" />
    <ClCompile Include="errno.cpp" />
    <ClCompile Include="stdio.cpp" />
    <ClCompile Include="sys\_xeneva.cpp">
      <Filter>sys</Filter>
    </ClCompile>
    <ClCompile Include="c++\iostream.cpp">
      <Filter>c++</Filter>
    </ClCompile>
    <ClCompile Include="c++\istream.cpp">
      <Filter>c++</Filter>
    </ClCompile>
    <ClCompile Include="c++\memory.cpp">
      <Filter>c++</Filter>
    </ClCompile>
    <ClCompile Include="c++\ostream.cpp">
      <Filter>c++</Filter>
    </ClCompile>
    <ClCompile Include="c++\_string.cpp">
      <Filter>c++</Filter>
    </ClCompile>
    <ClCompile Include="c++\ios.cpp">
      <Filter>c++</Filter>
    </ClCompile>
    <ClCompile Include="qsort.cpp" />
    <ClCompile Include="sys\_xeprint.cpp">
      <Filter>sys</Filter>
    </ClCompile>
    <ClCompile Include="time.cpp" />
    <ClCompile Include="stat.cpp" />
    <ClCompile Include="_xeprint.cpp" />
    <ClCompile Include="_xeinput.cpp" />
  </ItemGroup>
</Project>