<?xml version="1.0" encoding="utf-8"?>
<Project ToolsVersion="4.0" xmlns="http://schemas.microsoft.com/developer/msbuild/2003">
  <ItemGroup>
    <ClCompile Include="term.cpp" />
  </ItemGroup>
  <ItemGroup>
    <ClInclude Include="term.h" />
    <ClInclude Include="arrayfont.h" />
    <ClInclude Include="esccode.h" />
  </ItemGroup>
</Project>