
Microsoft Visual Studio Solution File, Format Version 12.00
# Visual Studio Version 16
VisualStudioVersion = 16.0.36107.64
MinimumVisualStudioVersion = 10.0.40219.1
Project("{8BC9CEB8-8B4A-11D0-8D11-00A0C91BC942}") = "AHCI", "..\Drivers\AHCI\AHCI.vcxproj", "{C4794DDD-B777-49DF-8600-ED1D71F96EBE}"
EndProject
Project("{8BC9CEB8-8B4A-11D0-8D11-00A0C91BC942}") = "E1000", "..\Drivers\E1000\E1000.vcxproj", "{60C723A8-AED4-4689-B960-F0091B16466F}"
EndProject
Project("{8BC9CEB8-8B4A-11D0-8D11-00A0C91BC942}") = "lcdif", "..\Drivers\fbset\lcdif\lcdif.vcxproj", "{F3C02000-9AF8-48EC-99B7-3C9A8B7D6BF1}"
EndProject
Project("{8BC9CEB8-8B4A-11D0-8D11-00A0C91BC942}") = "virtiogpu", "..\Drivers\GPU\virtiogpu\virtiogpu.vcxproj", "{7CDDFA23-2897-4297-B245-ACDE5031E9F3}"
EndProject
Project("{8BC9CEB8-8B4A-11D0-8D11-00A0C91BC942}") = "hdmi", "..\Drivers\hdmi\hdmi.vcxproj", "{AD7FE42E-814F-4DC7-86DF-B6AD041251DB}"
EndProject
Project("{8BC9CEB8-8B4A-11D0-8D11-00A0C91BC942}") = "virtionet", "..\Drivers\Net\virtionet\virtionet.vcxproj", "{51D1FDFC-3E19-428A-9D1A-9C82C9E5B5A5}"
EndProject
Project("{8BC9CEB8-8B4A-11D0-8D11-00A0C91BC942}") = "NVMe", "..\Drivers\NVMe\NVMe.vcxproj", "{B3D51D1A-09E7-47D9-A6A5-5E6059585D6E}"
EndProject
Project("{8BC9CEB8-8B4A-11D0-8D11-00A0C91BC942}") = "IntelHDA", "..\Drivers\Sound\IntelHDA\IntelHDA.vcxproj", "{F6062DC1-AD86-4384-AAB0-3562A0FCFA51}"
EndProject
Project("{8BC9CEB8-8B4A-11D0-8D11-00A0C91BC942}") = "virtiosnd", "..\Drivers\Sound\virtiosnd\virtiosnd.vcxproj", "{B5055A6B-3AF7-443B-9A60-5068D7A10D4A}"
EndProject
Project("{8BC9CEB8-8B4A-11D0-8D11-00A0C91BC942}") = "dwc2-otg", "..\Drivers\USB\dwc2-otg\dwc2-otg.vcxproj", "{E121230A-7D08-42F0-966B-D96349EF976F}"
EndProject
Project("{8BC9CEB8-8B4A-11D0-8D11-00A0C91BC942}") = "hid", "..\Drivers\USB\hid\hid.vcxproj", "{5D58F57E-75D1-483E-BBCD-C203BCB35D50}"
EndProject
Project("{8BC9CEB8-8B4A-11D0-8D11-00A0C91BC942}") = "msc", "..\Drivers\USB\msc\msc.vcxproj", "{B8C53F70-A4F1-4DA7-8580-B98077EEFCC1}"
EndProject
Project("{8BC9CEB8-8B4A-11D0-8D11-00A0C91BC942}") = "usbhci", "..\Drivers\USB\usbhci\usbhci.vcxproj", "{69F8AABD-ABEF-475C-88EB-AA69B2C4231C}"
EndProject
Project("{8BC9CEB8-8B4A-11D0-8D11-00A0C91BC942}") = "virtioblk", "..\Drivers\virtioblk\virtioblk.vcxproj", "{219C18BE-21F7-4653-A0A5-710DA04F1F9A}"
EndProject
Project("{8BC9CEB8-8B4A-11D0-8D11-00A0C91BC942}") = "xHCI", "..\Drivers\xHCI\xHCI.vcxproj", "{D6BF34CD-F14A-49D0-A075-AB2024FF0A62}"
EndProject
Global
	GlobalSection(SolutionConfigurationPlatforms) = preSolution
		Debug|ARM64 = Debug|ARM64
		Debug|x64 = Debug|x64
		Debug|x86 = Debug|x86
		Release|ARM64 = Release|ARM64
		Release|x64 = Release|x64
		Release|x86 = Release|x86
	EndGlobalSection
	GlobalSection(ProjectConfigurationPlatforms) = postSolution
		{C4794DDD-B777-49DF-8600-ED1D71F96EBE}.Debug|ARM64.ActiveCfg = Debug|Win32
		{C4794DDD-B777-49DF-8600-ED1D71F96EBE}.Debug|x64.ActiveCfg = Debug|x64
		{C4794DDD-B777-49DF-8600-ED1D71F96EBE}.Debug|x64.Build.0 = Debug|x64
		{C4794DDD-B777-49DF-8600-ED1D71F96EBE}.Debug|x86.ActiveCfg = Debug|x64
		{C4794DDD-B777-49DF-8600-ED1D71F96EBE}.Debug|x86.Build.0 = Debug|x64
		{C4794DDD-B777-49DF-8600-ED1D71F96EBE}.Release|ARM64.ActiveCfg = Release|Win32
		{C4794DDD-B777-49DF-8600-ED1D71F96EBE}.Release|x64.ActiveCfg = Release|x64
		{C4794DDD-B777-49DF-8600-ED1D71F96EBE}.Release|x64.Build.0 = Release|x64
		{C4794DDD-B777-49DF-8600-ED1D71F96EBE}.Release|x86.ActiveCfg = Release|Win32
		{C4794DDD-B777-49DF-8600-ED1D71F96EBE}.Release|x86.Build.0 = Release|Win32
		{60C723A8-AED4-4689-B960-F0091B16466F}.Debug|ARM64.ActiveCfg = Debug|Win32
		{60C723A8-AED4-4689-B960-F0091B16466F}.Debug|x64.ActiveCfg = Debug|x64
		{60C723A8-AED4-4689-B960-F0091B16466F}.Debug|x64.Build.0 = Debug|x64
		{60C723A8-AED4-4689-B960-F0091B16466F}.Debug|x86.ActiveCfg = Debug|Win32
		{60C723A8-AED4-4689-B960-F0091B16466F}.Debug|x86.Build.0 = Debug|Win32
		{60C723A8-AED4-4689-B960-F0091B16466F}.Release|ARM64.ActiveCfg = Release|Win32
		{60C723A8-AED4-4689-B960-F0091B16466F}.Release|x64.ActiveCfg = Release|x64
		{60C723A8-AED4-4689-B960-F0091B16466F}.Release|x64.Build.0 = Release|x64
		{60C723A8-AED4-4689-B960-F0091B16466F}.Release|x86.ActiveCfg = Release|Win32
		{60C723A8-AED4-4689-B960-F0091B16466F}.Release|x86.Build.0 = Release|Win32
		{F3C02000-9AF8-48EC-99B7-3C9A8B7D6BF1}.Debug|ARM64.ActiveCfg = Release|ARM64
		{F3C02000-9AF8-48EC-99B7-3C9A8B7D6BF1}.Debug|ARM64.Build.0 = Release|ARM64
		{F3C02000-9AF8-48EC-99B7-3C9A8B7D6BF1}.Debug|x64.ActiveCfg = Debug|x64
		{F3C02000-9AF8-48EC-99B7-3C9A8B7D6BF1}.Debug|x64.Build.0 = Debug|x64
		{F3C02000-9AF8-48EC-99B7-3C9A8B7D6BF1}.Debug|x86.ActiveCfg = Release|ARM64
		{F3C02000-9AF8-48EC-99B7-3C9A8B7D6BF1}.Debug|x86.Build.0 = Release|ARM64
		{F3C02000-9AF8-48EC-99B7-3C9A8B7D6BF1}.Release|ARM64.ActiveCfg = Release|ARM64
		{F3C02000-9AF8-48EC-99B7-3C9A8B7D6BF1}.Release|ARM64.Build.0 = Release|ARM64
		{F3C02000-9AF8-48EC-99B7-3C9A8B7D6BF1}.Release|x64.ActiveCfg = Release|x64
		{F3C02000-9AF8-48EC-99B7-3C9A8B7D6BF1}.Release|x64.Build.0 = Release|x64
		{F3C02000-9AF8-48EC-99B7-3C9A8B7D6BF1}.Release|x86.ActiveCfg = Release|Win32
		{F3C02000-9AF8-48EC-99B7-3C9A8B7D6BF1}.Release|x86.Build.0 = Release|Win32
		{7CDDFA23-2897-4297-B245-ACDE5031E9F3}.Debug|ARM64.ActiveCfg = Debug|ARM64
		{7CDDFA23-2897-4297-B245-ACDE5031E9F3}.Debug|ARM64.Build.0 = Debug|ARM64
		{7CDDFA23-2897-4297-B245-ACDE5031E9F3}.Debug|x64.ActiveCfg = Debug|x64
		{7CDDFA23-2897-4297-B245-ACDE5031E9F3}.Debug|x64.Build.0 = Debug|x64
		{7CDDFA23-2897-4297-B245-ACDE5031E9F3}.Debug|x86.ActiveCfg = Debug|Win32
		{7CDDFA23-2897-4297-B245-ACDE5031E9F3}.Debug|x86.Build.0 = Debug|Win32
		{7CDDFA23-2897-4297-B245-ACDE5031E9F3}.Release|ARM64.ActiveCfg = Release|ARM64
		{7CDDFA23-2897-4297-B245-ACDE5031E9F3}.Release|ARM64.Build.0 = Release|ARM64
		{7CDDFA23-2897-4297-B245-ACDE5031E9F3}.Release|x64.ActiveCfg = Release|x64
		{7CDDFA23-2897-4297-B245-ACDE5031E9F3}.Release|x64.Build.0 = Release|x64
		{7CDDFA23-2897-4297-B245-ACDE5031E9F3}.Release|x86.ActiveCfg = Release|Win32
		{7CDDFA23-2897-4297-B245-ACDE5031E9F3}.Release|x86.Build.0 = Release|Win32
		{AD7FE42E-814F-4DC7-86DF-B6AD041251DB}.Debug|ARM64.ActiveCfg = Release|ARM64
		{AD7FE42E-814F-4DC7-86DF-B6AD041251DB}.Debug|ARM64.Build.0 = Release|ARM64
		{AD7FE42E-814F-4DC7-86DF-B6AD041251DB}.Debug|x64.ActiveCfg = Debug|x64
		{AD7FE42E-814F-4DC7-86DF-B6AD041251DB}.Debug|x64.Build.0 = Debug|x64
		{AD7FE42E-814F-4DC7-86DF-B6AD041251DB}.Debug|x86.ActiveCfg = Debug|Win32
		{AD7FE42E-814F-4DC7-86DF-B6AD041251DB}.Debug|x86.Build.0 = Debug|Win32
		{AD7FE42E-814F-4DC7-86DF-B6AD041251DB}.Release|ARM64.ActiveCfg = Release|ARM64
		{AD7FE42E-814F-4DC7-86DF-B6AD041251DB}.Release|ARM64.Build.0 = Release|ARM64
		{AD7FE42E-814F-4DC7-86DF-B6AD041251DB}.Release|x64.ActiveCfg = Release|x64
		{AD7FE42E-814F-4DC7-86DF-B6AD041251DB}.Release|x64.Build.0 = Release|x64
		{AD7FE42E-814F-4DC7-86DF-B6AD041251DB}.Release|x86.ActiveCfg = Release|Win32
		{AD7FE42E-814F-4DC7-86DF-B6AD041251DB}.Release|x86.Build.0 = Release|Win32
		{51D1FDFC-3E19-428A-9D1A-9C82C9E5B5A5}.Debug|ARM64.ActiveCfg = Debug|ARM64
		{51D1FDFC-3E19-428A-9D1A-9C82C9E5B5A5}.Debug|ARM64.Build.0 = Debug|ARM64
		{51D1FDFC-3E19-428A-9D1A-9C82C9E5B5A5}.Debug|x64.ActiveCfg = Debug|x64
		{51D1FDFC-3E19-428A-9D1A-9C82C9E5B5A5}.Debug|x64.Build.0 = Debug|x64
		{51D1FDFC-3E19-428A-9D1A-9C82C9E5B5A5}.Debug|x86.ActiveCfg = Debug|Win32
		{51D1FDFC-3E19-428A-9D1A-9C82C9E5B5A5}.Debug|x86.Build.0 = Debug|Win32
		{51D1FDFC-3E19-428A-9D1A-9C82C9E5B5A5}.Release|ARM64.ActiveCfg = Release|ARM64
		{51D1FDFC-3E19-428A-9D1A-9C82C9E5B5A5}.Release|ARM64.Build.0 = Release|ARM64
		{51D1FDFC-3E19-428A-9D1A-9C82C9E5B5A5}.Release|x64.ActiveCfg = Release|x64
		{51D1FDFC-3E19-428A-9D1A-9C82C9E5B5A5}.Release|x64.Build.0 = Release|x64
		{51D1FDFC-3E19-428A-9D1A-9C82C9E5B5A5}.Release|x86.ActiveCfg = Release|Win32
		{51D1FDFC-3E19-428A-9D1A-9C82C9E5B5A5}.Release|x86.Build.0 = Release|Win32
		{B3D51D1A-09E7-47D9-A6A5-5E6059585D6E}.Debug|ARM64.ActiveCfg = Debug|Win32
		{B3D51D1A-09E7-47D9-A6A5-5E6059585D6E}.Debug|x64.ActiveCfg = Debug|x64
		{B3D51D1A-09E7-47D9-A6A5-5E6059585D6E}.Debug|x64.Build.0 = Debug|x64
		{B3D51D1A-09E7-47D9-A6A5-5E6059585D6E}.Debug|x86.ActiveCfg = Debug|Win32
		{B3D51D1A-09E7-47D9-A6A5-5E6059585D6E}.Debug|x86.Build.0 = Debug|Win32
		{B3D51D1A-09E7-47D9-A6A5-5E6059585D6E}.Release|ARM64.ActiveCfg = Release|Win32
		{B3D51D1A-09E7-47D9-A6A5-5E6059585D6E}.Release|x64.ActiveCfg = Release|x64
		{B3D51D1A-09E7-47D9-A6A5-5E6059585D6E}.Release|x64.Build.0 = Release|x64
		{B3D51D1A-09E7-47D9-A6A5-5E6059585D6E}.Release|x86.ActiveCfg = Release|Win32
		{B3D51D1A-09E7-47D9-A6A5-5E6059585D6E}.Release|x86.Build.0 = Release|Win32
		{F6062DC1-AD86-4384-AAB0-3562A0FCFA51}.Debug|ARM64.ActiveCfg = Debug|Win32
		{F6062DC1-AD86-4384-AAB0-3562A0FCFA51}.Debug|x64.ActiveCfg = Debug|x64
		{F6062DC1-AD86-4384-AAB0-3562A0FCFA51}.Debug|x64.Build.0 = Debug|x64
		{F6062DC1-AD86-4384-AAB0-3562A0FCFA51}.Debug|x86.ActiveCfg = Debug|Win32
		{F6062DC1-AD86-4384-AAB0-3562A0FCFA51}.Debug|x86.Build.0 = Debug|Win32
		{F6062DC1-AD86-4384-AAB0-3562A0FCFA51}.Release|ARM64.ActiveCfg = Release|Win32
		{F6062DC1-AD86-4384-AAB0-3562A0FCFA51}.Release|x64.ActiveCfg = Release|x64
		{F6062DC1-AD86-4384-AAB0-3562A0FCFA51}.Release|x64.Build.0 = Release|x64
		{F6062DC1-AD86-4384-AAB0-3562A0FCFA51}.Release|x86.ActiveCfg = Release|Win32
		{F6062DC1-AD86-4384-AAB0-3562A0FCFA51}.Release|x86.Build.0 = Release|Win32
		{B5055A6B-3AF7-443B-9A60-5068D7A10D4A}.Debug|ARM64.ActiveCfg = Debug|ARM64
		{B5055A6B-3AF7-443B-9A60-5068D7A10D4A}.Debug|ARM64.Build.0 = Debug|ARM64
		{B5055A6B-3AF7-443B-9A60-5068D7A10D4A}.Debug|x64.ActiveCfg = Debug|x64
		{B5055A6B-3AF7-443B-9A60-5068D7A10D4A}.Debug|x64.Build.0 = Debug|x64
		{B5055A6B-3AF7-443B-9A60-5068D7A10D4A}.Debug|x86.ActiveCfg = Debug|Win32
		{B5055A6B-3AF7-443B-9A60-5068D7A10D4A}.Debug|x86.Build.0 = Debug|Win32
		{B5055A6B-3AF7-443B-9A60-5068D7A10D4A}.Release|ARM64.ActiveCfg = Release|ARM64
		{B5055A6B-3AF7-443B-9A60-5068D7A10D4A}.Release|ARM64.Build.0 = Release|ARM64
		{B5055A6B-3AF7-443B-9A60-5068D7A10D4A}.Release|x64.ActiveCfg = Release|x64
		{B5055A6B-3AF7-443B-9A60-5068D7A10D4A}.Release|x64.Build.0 = Release|x64
		{B5055A6B-3AF7-443B-9A60-5068D7A10D4A}.Release|x86.ActiveCfg = Release|Win32
		{B5055A6B-3AF7-443B-9A60-5068D7A10D4A}.Release|x86.Build.0 = Release|Win32
		{E121230A-7D08-42F0-966B-D96349EF976F}.Debug|ARM64.ActiveCfg = Debug|ARM64
		{E121230A-7D08-42F0-966B-D96349EF976F}.Debug|ARM64.Build.0 = Debug|ARM64
		{E121230A-7D08-42F0-966B-D96349EF976F}.Debug|x64.ActiveCfg = Debug|x64
		{E121230A-7D08-42F0-966B-D96349EF976F}.Debug|x64.Build.0 = Debug|x64
		{E121230A-7D08-42F0-966B-D96349EF976F}.Debug|x86.ActiveCfg = Release|ARM64
		{E121230A-7D08-42F0-966B-D96349EF976F}.Debug|x86.Build.0 = Release|ARM64
		{E121230A-7D08-42F0-966B-D96349EF976F}.Release|ARM64.ActiveCfg = Release|ARM64
		{E121230A-7D08-42F0-966B-D96349EF976F}.Release|ARM64.Build.0 = Release|ARM64
		{E121230A-7D08-42F0-966B-D96349EF976F}.Release|x64.ActiveCfg = Release|x64
		{E121230A-7D08-42F0-966B-D96349EF976F}.Release|x64.Build.0 = Release|x64
		{E121230A-7D08-42F0-966B-D96349EF976F}.Release|x86.ActiveCfg = Release|Win32
		{E121230A-7D08-42F0-966B-D96349EF976F}.Release|x86.Build.0 = Release|Win32
		{5D58F57E-75D1-483E-BBCD-C203BCB35D50}.Debug|ARM64.ActiveCfg = Debug|Win32
		{5D58F57E-75D1-483E-BBCD-C203BCB35D50}.Debug|x64.ActiveCfg = Debug|x64
		{5D58F57E-75D1-483E-BBCD-C203BCB35D50}.Debug|x64.Build.0 = Debug|x64
		{5D58F57E-75D1-483E-BBCD-C203BCB35D50}.Debug|x86.ActiveCfg = Debug|Win32
		{5D58F57E-75D1-483E-BBCD-C203BCB35D50}.Debug|x86.Build.0 = Debug|Win32
		{5D58F57E-75D1-483E-BBCD-C203BCB35D50}.Release|ARM64.ActiveCfg = Release|Win32
		{5D58F57E-75D1-483E-BBCD-C203BCB35D50}.Release|x64.ActiveCfg = Release|x64
		{5D58F57E-75D1-483E-BBCD-C203BCB35D50}.Release|x64.Build.0 = Release|x64
		{5D58F57E-75D1-483E-BBCD-C203BCB35D50}.Release|x86.ActiveCfg = Release|Win32
		{5D58F57E-75D1-483E-BBCD-C203BCB35D50}.Release|x86.Build.0 = Release|Win32
		{B8C53F70-A4F1-4DA7-8580-B98077EEFCC1}.Debug|ARM64.ActiveCfg = Debug|Win32
		{B8C53F70-A4F1-4DA7-8580-B98077EEFCC1}.Debug|x64.ActiveCfg = Debug|x64
		{B8C53F70-A4F1-4DA7-8580-B98077EEFCC1}.Debug|x64.Build.0 = Debug|x64
		{B8C53F70-A4F1-4DA7-8580-B98077EEFCC1}.Debug|x86.ActiveCfg = Debug|Win32
		{B8C53F70-A4F1-4DA7-8580-B98077EEFCC1}.Debug|x86.Build.0 = Debug|Win32
		{B8C53F70-A4F1-4DA7-8580-B98077EEFCC1}.Release|ARM64.ActiveCfg = Release|Win32
		{B8C53F70-A4F1-4DA7-8580-B98077EEFCC1}.Release|x64.ActiveCfg = Release|x64
		{B8C53F70-A4F1-4DA7-8580-B98077EEFCC1}.Release|x64.Build.0 = Release|x64
		{B8C53F70-A4F1-4DA7-8580-B98077EEFCC1}.Release|x86.ActiveCfg = Release|Win32
		{B8C53F70-A4F1-4DA7-8580-B98077EEFCC1}.Release|x86.Build.0 = Release|Win32
		{69F8AABD-ABEF-475C-88EB-AA69B2C4231C}.Debug|ARM64.ActiveCfg = Debug|Win32
		{69F8AABD-ABEF-475C-88EB-AA69B2C4231C}.Debug|x64.ActiveCfg = Debug|x64
		{69F8AABD-ABEF-475C-88EB-AA69B2C4231C}.Debug|x64.Build.0 = Debug|x64
		{69F8AABD-ABEF-475C-88EB-AA69B2C4231C}.Debug|x86.ActiveCfg = Debug|Win32
		{69F8AABD-ABEF-475C-88EB-AA69B2C4231C}.Debug|x86.Build.0 = Debug|Win32
		{69F8AABD-ABEF-475C-88EB-AA69B2C4231C}.Release|ARM64.ActiveCfg = Release|Win32
		{69F8AABD-ABEF-475C-88EB-AA69B2C4231C}.Release|x64.ActiveCfg = Release|x64
		{69F8AABD-ABEF-475C-88EB-AA69B2C4231C}.Release|x64.Build.0 = Release|x64
		{69F8AABD-ABEF-475C-88EB-AA69B2C4231C}.Release|x86.ActiveCfg = Release|Win32
		{69F8AABD-ABEF-475C-88EB-AA69B2C4231C}.Release|x86.Build.0 = Release|Win32
		{219C18BE-21F7-4653-A0A5-710DA04F1F9A}.Debug|ARM64.ActiveCfg = Debug|ARM64
		{219C18BE-21F7-4653-A0A5-710DA04F1F9A}.Debug|ARM64.Build.0 = Debug|ARM64
		{219C18BE-21F7-4653-A0A5-710DA04F1F9A}.Debug|x64.ActiveCfg = Debug|x64
		{219C18BE-21F7-4653-A0A5-710DA04F1F9A}.Debug|x64.Build.0 = Debug|x64
		{219C18BE-21F7-4653-A0A5-710DA04F1F9A}.Debug|x86.ActiveCfg = Debug|Win32
		{219C18BE-21F7-4653-A0A5-710DA04F1F9A}.Debug|x86.Build.0 = Debug|Win32
		{219C18BE-21F7-4653-A0A5-710DA04F1F9A}.Release|ARM64.ActiveCfg = Release|ARM64
		{219C18BE-21F7-4653-A0A5-710DA04F1F9A}.Release|ARM64.Build.0 = Release|ARM64
		{219C18BE-21F7-4653-A0A5-710DA04F1F9A}.Release|x64.ActiveCfg = Release|x64
		{219C18BE-21F7-4653-A0A5-710DA04F1F9A}.Release|x64.Build.0 = Release|x64
		{219C18BE-21F7-4653-A0A5-710DA04F1F9A}.Release|x86.ActiveCfg = Release|Win32
		{219C18BE-21F7-4653-A0A5-710DA04F1F9A}.Release|x86.Build.0 = Release|Win32
		{D6BF34CD-F14A-49D0-A075-AB2024FF0A62}.Debug|ARM64.ActiveCfg = Debug|Win32
		{D6BF34CD-F14A-49D0-A075-AB2024FF0A62}.Debug|x64.ActiveCfg = Debug|x64
		{D6BF34CD-F14A-49D0-A075-AB2024FF0A62}.Debug|x64.Build.0 = Debug|x64
		{D6BF34CD-F14A-49D0-A075-AB2024FF0A62}.Debug|x86.ActiveCfg = Debug|Win32
		{D6BF34CD-F14A-49D0-A075-AB2024FF0A62}.Debug|x86.Build.0 = Debug|Win32
		{D6BF34CD-F14A-49D0-A075-AB2024FF0A62}.Release|ARM64.ActiveCfg = Release|Win32
		{D6BF34CD-F14A-49D0-A075-AB2024FF0A62}.Release|x64.ActiveCfg = Release|x64
		{D6BF34CD-F14A-49D0-A075-AB2024FF0A62}.Release|x64.Build.0 = Release|x64
		{D6BF34CD-F14A-49D0-A075-AB2024FF0A62}.Release|x86.ActiveCfg = Release|Win32
		{D6BF34CD-F14A-49D0-A075-AB2024FF0A62}.Release|x86.Build.0 = Release|Win32
	EndGlobalSection
	GlobalSection(SolutionProperties) = preSolution
		HideSolutionNode = FALSE
	EndGlobalSection
	GlobalSection(ExtensibilityGlobals) = postSolution
		SolutionGuid = {ECB18E4A-71E1-4C39-BB16-E74ADB375157}
	EndGlobalSection
EndGlobal
