
Microsoft Visual Studio Solution File, Format Version 12.00
# Visual Studio Version 16
VisualStudioVersion = 16.0.36107.64
MinimumVisualStudioVersion = 10.0.40219.1
Project("{8BC9CEB8-8B4A-11D0-8D11-00A0C91BC942}") = "AudioPlayer", "..\Process\AudioPlayer\AudioPlayer.vcxproj", "{01D9EF82-5076-4E5C-95FF-C027864A8302}"
EndProject
Project("{8BC9CEB8-8B4A-11D0-8D11-00A0C91BC942}") = "Calculator", "..\Process\Calculator\Calculator.vcxproj", "{CAE7FB4D-2145-4D85-96FB-734576BA5F07}"
EndProject
Project("{8BC9CEB8-8B4A-11D0-8D11-00A0C91BC942}") = "Calender", "..\Process\Calender\Calender.vcxproj", "{156536F4-42E1-4125-A964-DB92D386E706}"
EndProject
Project("{8BC9CEB8-8B4A-11D0-8D11-00A0C91BC942}") = "cat", "..\Process\cat\cat.vcxproj", "{7CDEF64B-6E81-46CC-AF2A-18BF136D4E9F}"
EndProject
Project("{8BC9CEB8-8B4A-11D0-8D11-00A0C91BC942}") = "Control", "..\Process\Control\Control.vcxproj", "{20D3BAD1-1583-44C2-8625-46DAF5F0E975}"
EndProject
Project("{8BC9CEB8-8B4A-11D0-8D11-00A0C91BC942}") = "Deodhai", "..\Process\Deodhai\Deodhai.vcxproj", "{8363E128-4810-4036-B0C9-3537A3CDB90D}"
EndProject
Project("{8BC9CEB8-8B4A-11D0-8D11-00A0C91BC942}") = "DeodhaiAudio", "..\Process\DeodhaiAudio\DeodhaiAudio.vcxproj", "{6CEF9127-6B8C-4885-BA8D-C2B206EA7134}"
EndProject
Project("{8BC9CEB8-8B4A-11D0-8D11-00A0C91BC942}") = "DeodhaiXR", "..\Process\DeodhaiXR\DeodhaiXR.vcxproj", "{22A06C2D-60BB-4040-8214-30EA17701F94}"
EndProject
Project("{8BC9CEB8-8B4A-11D0-8D11-00A0C91BC942}") = "Files", "..\Process\Files\Files.vcxproj", "{CB840DBD-BC3E-45DA-80A1-FF92E0DB3463}"
EndProject
Project("{8BC9CEB8-8B4A-11D0-8D11-00A0C91BC942}") = "glimpse", "..\Process\glimpse\glimpse.vcxproj", "{B44F1C3D-F499-49F4-940D-227B5D5F5DD2}"
EndProject
Project("{8BC9CEB8-8B4A-11D0-8D11-00A0C91BC942}") = "Init", "..\Process\Init\Init.vcxproj", "{B702D8E8-62F0-4DC1-9EC7-EACE0B76716A}"
EndProject
Project("{8BC9CEB8-8B4A-11D0-8D11-00A0C91BC942}") = "monitor", "..\Process\monitor\monitor.vcxproj", "{E968999C-8FCA-497B-AFB5-1B6A7F9835A4}"
EndProject
Project("{8BC9CEB8-8B4A-11D0-8D11-00A0C91BC942}") = "Namdapha", "..\Process\Namdapha\Namdapha.vcxproj", "{E423E38B-E351-4151-895D-5336D27C9A2F}"
EndProject
Project("{8BC9CEB8-8B4A-11D0-8D11-00A0C91BC942}") = "NETMngr", "..\Process\NETMngr\NETMngr.vcxproj", "{567DA5F4-5B2E-4993-9370-C4A4F022C928}"
EndProject
Project("{8BC9CEB8-8B4A-11D0-8D11-00A0C91BC942}") = "nslook", "..\Process\nslook\nslook.vcxproj", "{4B0CA96B-1BED-45AB-B8AA-A1CDCD6F68C0}"
EndProject
Project("{8BC9CEB8-8B4A-11D0-8D11-00A0C91BC942}") = "ping", "..\Process\ping\ping.vcxproj", "{D106EC5D-389E-45A6-92FB-6E79550B0519}"
EndProject
Project("{8BC9CEB8-8B4A-11D0-8D11-00A0C91BC942}") = "play", "..\Process\play\play.vcxproj", "{2DA5FF1E-745A-4C30-A73E-53849F22D18A}"
EndProject
Project("{8BC9CEB8-8B4A-11D0-8D11-00A0C91BC942}") = "Terminal", "..\Process\Terminal\Terminal.vcxproj", "{9CAAF0AB-D0A2-4CA1-9AB0-881D1D12FD19}"
EndProject
Project("{8BC9CEB8-8B4A-11D0-8D11-00A0C91BC942}") = "XELnch", "..\Process\XELnch\XELnch.vcxproj", "{400E59EB-6E4C-461A-91B2-202F85F33D41}"
EndProject
Project("{8BC9CEB8-8B4A-11D0-8D11-00A0C91BC942}") = "XEShell", "..\Process\XEShell\XEShell.vcxproj", "{B2711B30-AE9C-4015-AF37-8795C0EC9064}"
EndProject
Global
	GlobalSection(SolutionConfigurationPlatforms) = preSolution
		Debug|ARM64 = Debug|ARM64
		Debug|x64 = Debug|x64
		Debug|x86 = Debug|x86
		Release|ARM64 = Release|ARM64
		Release|x64 = Release|x64
		Release|x86 = Release|x86
	EndGlobalSection
	GlobalSection(ProjectConfigurationPlatforms) = postSolution
		{01D9EF82-5076-4E5C-95FF-C027864A8302}.Debug|ARM64.ActiveCfg = Debug|ARM64
		{01D9EF82-5076-4E5C-95FF-C027864A8302}.Debug|ARM64.Build.0 = Debug|ARM64
		{01D9EF82-5076-4E5C-95FF-C027864A8302}.Debug|x64.ActiveCfg = Debug|x64
		{01D9EF82-5076-4E5C-95FF-C027864A8302}.Debug|x64.Build.0 = Debug|x64
		{01D9EF82-5076-4E5C-95FF-C027864A8302}.Debug|x86.ActiveCfg = Debug|Win32
		{01D9EF82-5076-4E5C-95FF-C027864A8302}.Debug|x86.Build.0 = Debug|Win32
		{01D9EF82-5076-4E5C-95FF-C027864A8302}.Release|ARM64.ActiveCfg = Release|ARM64
		{01D9EF82-5076-4E5C-95FF-C027864A8302}.Release|ARM64.Build.0 = Release|ARM64
		{01D9EF82-5076-4E5C-95FF-C027864A8302}.Release|x64.ActiveCfg = Release|x64
		{01D9EF82-5076-4E5C-95FF-C027864A8302}.Release|x64.Build.0 = Release|x64
		{01D9EF82-5076-4E5C-95FF-C027864A8302}.Release|x86.ActiveCfg = Release|Win32
		{01D9EF82-5076-4E5C-95FF-C027864A8302}.Release|x86.Build.0 = Release|Win32
		{CAE7FB4D-2145-4D85-96FB-734576BA5F07}.Debug|ARM64.ActiveCfg = Debug|ARM64
		{CAE7FB4D-2145-4D85-96FB-734576BA5F07}.Debug|ARM64.Build.0 = Debug|ARM64
		{CAE7FB4D-2145-4D85-96FB-734576BA5F07}.Debug|x64.ActiveCfg = Debug|x64
		{CAE7FB4D-2145-4D85-96FB-734576BA5F07}.Debug|x64.Build.0 = Debug|x64
		{CAE7FB4D-2145-4D85-96FB-734576BA5F07}.Debug|x86.ActiveCfg = Debug|Win32
		{CAE7FB4D-2145-4D85-96FB-734576BA5F07}.Debug|x86.Build.0 = Debug|Win32
		{CAE7FB4D-2145-4D85-96FB-734576BA5F07}.Release|ARM64.ActiveCfg = Release|ARM64
		{CAE7FB4D-2145-4D85-96FB-734576BA5F07}.Release|ARM64.Build.0 = Release|ARM64
		{CAE7FB4D-2145-4D85-96FB-734576BA5F07}.Release|x64.ActiveCfg = Release|x64
		{CAE7FB4D-2145-4D85-96FB-734576BA5F07}.Release|x64.Build.0 = Release|x64
		{CAE7FB4D-2145-4D85-96FB-734576BA5F07}.Release|x86.ActiveCfg = Release|Win32
		{CAE7FB4D-2145-4D85-96FB-734576BA5F07}.Release|x86.Build.0 = Release|Win32
		{156536F4-42E1-4125-A964-DB92D386E706}.Debug|ARM64.ActiveCfg = Debug|ARM64
		{156536F4-42E1-4125-A964-DB92D386E706}.Debug|ARM64.Build.0 = Debug|ARM64
		{156536F4-42E1-4125-A964-DB92D386E706}.Debug|x64.ActiveCfg = Debug|x64
		{156536F4-42E1-4125-A964-DB92D386E706}.Debug|x64.Build.0 = Debug|x64
		{156536F4-42E1-4125-A964-DB92D386E706}.Debug|x86.ActiveCfg = Debug|Win32
		{156536F4-42E1-4125-A964-DB92D386E706}.Debug|x86.Build.0 = Debug|Win32
		{156536F4-42E1-4125-A964-DB92D386E706}.Release|ARM64.ActiveCfg = Release|ARM64
		{156536F4-42E1-4125-A964-DB92D386E706}.Release|ARM64.Build.0 = Release|ARM64
		{156536F4-42E1-4125-A964-DB92D386E706}.Release|x64.ActiveCfg = Release|x64
		{156536F4-42E1-4125-A964-DB92D386E706}.Release|x64.Build.0 = Release|x64
		{156536F4-42E1-4125-A964-DB92D386E706}.Release|x86.ActiveCfg = Release|Win32
		{156536F4-42E1-4125-A964-DB92D386E706}.Release|x86.Build.0 = Release|Win32
		{7CDEF64B-6E81-46CC-AF2A-18BF136D4E9F}.Debug|ARM64.ActiveCfg = Debug|Win32
		{7CDEF64B-6E81-46CC-AF2A-18BF136D4E9F}.Debug|x64.ActiveCfg = Debug|x64
		{7CDEF64B-6E81-46CC-AF2A-18BF136D4E9F}.Debug|x64.Build.0 = Debug|x64
		{7CDEF64B-6E81-46CC-AF2A-18BF136D4E9F}.Debug|x86.ActiveCfg = Debug|Win32
		{7CDEF64B-6E81-46CC-AF2A-18BF136D4E9F}.Debug|x86.Build.0 = Debug|Win32
		{7CDEF64B-6E81-46CC-AF2A-18BF136D4E9F}.Release|ARM64.ActiveCfg = Release|Win32
		{7CDEF64B-6E81-46CC-AF2A-18BF136D4E9F}.Release|x64.ActiveCfg = Release|x64
		{7CDEF64B-6E81-46CC-AF2A-18BF136D4E9F}.Release|x64.Build.0 = Release|x64
		{7CDEF64B-6E81-46CC-AF2A-18BF136D4E9F}.Release|x86.ActiveCfg = Release|Win32
		{7CDEF64B-6E81-46CC-AF2A-18BF136D4E9F}.Release|x86.Build.0 = Release|Win32
		{20D3BAD1-1583-44C2-8625-46DAF5F0E975}.Debug|ARM64.ActiveCfg = Debug|Win32
		{20D3BAD1-1583-44C2-8625-46DAF5F0E975}.Debug|x64.ActiveCfg = Debug|x64
		{20D3BAD1-1583-44C2-8625-46DAF5F0E975}.Debug|x64.Build.0 = Debug|x64
		{20D3BAD1-1583-44C2-8625-46DAF5F0E975}.Debug|x86.ActiveCfg = Debug|Win32
		{20D3BAD1-1583-44C2-8625-46DAF5F0E975}.Debug|x86.Build.0 = Debug|Win32
		{20D3BAD1-1583-44C2-8625-46DAF5F0E975}.Release|ARM64.ActiveCfg = Release|Win32
		{20D3BAD1-1583-44C2-8625-46DAF5F0E975}.Release|x64.ActiveCfg = Release|x64
		{20D3BAD1-1583-44C2-8625-46DAF5F0E975}.Release|x64.Build.0 = Release|x64
		{20D3BAD1-1583-44C2-8625-46DAF5F0E975}.Release|x86.ActiveCfg = Release|Win32
		{20D3BAD1-1583-44C2-8625-46DAF5F0E975}.Release|x86.Build.0 = Release|Win32
		{8363E128-4810-4036-B0C9-3537A3CDB90D}.Debug|ARM64.ActiveCfg = Debug|ARM64
		{8363E128-4810-4036-B0C9-3537A3CDB90D}.Debug|ARM64.Build.0 = Debug|ARM64
		{8363E128-4810-4036-B0C9-3537A3CDB90D}.Debug|x64.ActiveCfg = Debug|x64
		{8363E128-4810-4036-B0C9-3537A3CDB90D}.Debug|x64.Build.0 = Debug|x64
		{8363E128-4810-4036-B0C9-3537A3CDB90D}.Debug|x86.ActiveCfg = Debug|Win32
		{8363E128-4810-4036-B0C9-3537A3CDB90D}.Debug|x86.Build.0 = Debug|Win32
		{8363E128-4810-4036-B0C9-3537A3CDB90D}.Release|ARM64.ActiveCfg = Release|ARM64
		{8363E128-4810-4036-B0C9-3537A3CDB90D}.Release|ARM64.Build.0 = Release|ARM64
		{8363E128-4810-4036-B0C9-3537A3CDB90D}.Release|x64.ActiveCfg = Release|x64
		{8363E128-4810-4036-B0C9-3537A3CDB90D}.Release|x64.Build.0 = Release|x64
		{8363E128-4810-4036-B0C9-3537A3CDB90D}.Release|x86.ActiveCfg = Release|Win32
		{8363E128-4810-4036-B0C9-3537A3CDB90D}.Release|x86.Build.0 = Release|Win32
		{6CEF9127-6B8C-4885-BA8D-C2B206EA7134}.Debug|ARM64.ActiveCfg = Debug|ARM64
		{6CEF9127-6B8C-4885-BA8D-C2B206EA7134}.Debug|ARM64.Build.0 = Debug|ARM64
		{6CEF9127-6B8C-4885-BA8D-C2B206EA7134}.Debug|x64.ActiveCfg = Debug|x64
		{6CEF9127-6B8C-4885-BA8D-C2B206EA7134}.Debug|x64.Build.0 = Debug|x64
		{6CEF9127-6B8C-4885-BA8D-C2B206EA7134}.Debug|x86.ActiveCfg = Debug|Win32
		{6CEF9127-6B8C-4885-BA8D-C2B206EA7134}.Debug|x86.Build.0 = Debug|Win32
		{6CEF9127-6B8C-4885-BA8D-C2B206EA7134}.Release|ARM64.ActiveCfg = Release|ARM64
		{6CEF9127-6B8C-4885-BA8D-C2B206EA7134}.Release|ARM64.Build.0 = Release|ARM64
		{6CEF9127-6B8C-4885-BA8D-C2B206EA7134}.Release|x64.ActiveCfg = Release|x64
		{6CEF9127-6B8C-4885-BA8D-C2B206EA7134}.Release|x64.Build.0 = Release|x64
		{6CEF9127-6B8C-4885-BA8D-C2B206EA7134}.Release|x86.ActiveCfg = Release|Win32
		{6CEF9127-6B8C-4885-BA8D-C2B206EA7134}.Release|x86.Build.0 = Release|Win32
		{22A06C2D-60BB-4040-8214-30EA17701F94}.Debug|ARM64.ActiveCfg = Debug|ARM64
		{22A06C2D-60BB-4040-8214-30EA17701F94}.Debug|ARM64.Build.0 = Debug|ARM64
		{22A06C2D-60BB-4040-8214-30EA17701F94}.Debug|x64.ActiveCfg = Debug|x64
		{22A06C2D-60BB-4040-8214-30EA17701F94}.Debug|x64.Build.0 = Debug|x64
		{22A06C2D-60BB-4040-8214-30EA17701F94}.Debug|x86.ActiveCfg = Debug|Win32
		{22A06C2D-60BB-4040-8214-30EA17701F94}.Debug|x86.Build.0 = Debug|Win32
		{22A06C2D-60BB-4040-8214-30EA17701F94}.Release|ARM64.ActiveCfg = Release|ARM64
		{22A06C2D-60BB-4040-8214-30EA17701F94}.Release|ARM64.Build.0 = Release|ARM64
		{22A06C2D-60BB-4040-8214-30EA17701F94}.Release|x64.ActiveCfg = Release|x64
		{22A06C2D-60BB-4040-8214-30EA17701F94}.Release|x64.Build.0 = Release|x64
		{22A06C2D-60BB-4040-8214-30EA17701F94}.Release|x86.ActiveCfg = Release|Win32
		{22A06C2D-60BB-4040-8214-30EA17701F94}.Release|x86.Build.0 = Release|Win32
		{CB840DBD-BC3E-45DA-80A1-FF92E0DB3463}.Debug|ARM64.ActiveCfg = Debug|ARM64
		{CB840DBD-BC3E-45DA-80A1-FF92E0DB3463}.Debug|ARM64.Build.0 = Debug|ARM64
		{CB840DBD-BC3E-45DA-80A1-FF92E0DB3463}.Debug|x64.ActiveCfg = Debug|x64
		{CB840DBD-BC3E-45DA-80A1-FF92E0DB3463}.Debug|x64.Build.0 = Debug|x64
		{CB840DBD-BC3E-45DA-80A1-FF92E0DB3463}.Debug|x86.ActiveCfg = Debug|Win32
		{CB840DBD-BC3E-45DA-80A1-FF92E0DB3463}.Debug|x86.Build.0 = Debug|Win32
		{CB840DBD-BC3E-45DA-80A1-FF92E0DB3463}.Release|ARM64.ActiveCfg = Release|ARM64
		{CB840DBD-BC3E-45DA-80A1-FF92E0DB3463}.Release|ARM64.Build.0 = Release|ARM64
		{CB840DBD-BC3E-45DA-80A1-FF92E0DB3463}.Release|x64.ActiveCfg = Release|x64
		{CB840DBD-BC3E-45DA-80A1-FF92E0DB3463}.Release|x64.Build.0 = Release|x64
		{CB840DBD-BC3E-45DA-80A1-FF92E0DB3463}.Release|x86.ActiveCfg = Release|Win32
		{CB840DBD-BC3E-45DA-80A1-FF92E0DB3463}.Release|x86.Build.0 = Release|Win32
		{B44F1C3D-F499-49F4-940D-227B5D5F5DD2}.Debug|ARM64.ActiveCfg = Debug|ARM64
		{B44F1C3D-F499-49F4-940D-227B5D5F5DD2}.Debug|ARM64.Build.0 = Debug|ARM64
		{B44F1C3D-F499-49F4-940D-227B5D5F5DD2}.Debug|x64.ActiveCfg = Debug|x64
		{B44F1C3D-F499-49F4-940D-227B5D5F5DD2}.Debug|x64.Build.0 = Debug|x64
		{B44F1C3D-F499-49F4-940D-227B5D5F5DD2}.Debug|x86.ActiveCfg = Debug|Win32
		{B44F1C3D-F499-49F4-940D-227B5D5F5DD2}.Debug|x86.Build.0 = Debug|Win32
		{B44F1C3D-F499-49F4-940D-227B5D5F5DD2}.Release|ARM64.ActiveCfg = Release|ARM64
		{B44F1C3D-F499-49F4-940D-227B5D5F5DD2}.Release|ARM64.Build.0 = Release|ARM64
		{B44F1C3D-F499-49F4-940D-227B5D5F5DD2}.Release|x64.ActiveCfg = Release|x64
		{B44F1C3D-F499-49F4-940D-227B5D5F5DD2}.Release|x64.Build.0 = Release|x64
		{B44F1C3D-F499-49F4-940D-227B5D5F5DD2}.Release|x86.ActiveCfg = Release|Win32
		{B44F1C3D-F499-49F4-940D-227B5D5F5DD2}.Release|x86.Build.0 = Release|Win32
		{B702D8E8-62F0-4DC1-9EC7-EACE0B76716A}.Debug|ARM64.ActiveCfg = Debug|ARM64
		{B702D8E8-62F0-4DC1-9EC7-EACE0B76716A}.Debug|ARM64.Build.0 = Debug|ARM64
		{B702D8E8-62F0-4DC1-9EC7-EACE0B76716A}.Debug|x64.ActiveCfg = Debug|x64
		{B702D8E8-62F0-4DC1-9EC7-EACE0B76716A}.Debug|x64.Build.0 = Debug|x64
		{B702D8E8-62F0-4DC1-9EC7-EACE0B76716A}.Debug|x86.ActiveCfg = Debug|Win32
		{B702D8E8-62F0-4DC1-9EC7-EACE0B76716A}.Debug|x86.Build.0 = Debug|Win32
		{B702D8E8-62F0-4DC1-9EC7-EACE0B76716A}.Release|ARM64.ActiveCfg = Release|ARM64
		{B702D8E8-62F0-4DC1-9EC7-EACE0B76716A}.Release|ARM64.Build.0 = Release|ARM64
		{B702D8E8-62F0-4DC1-9EC7-EACE0B76716A}.Release|x64.ActiveCfg = Release|x64
		{B702D8E8-62F0-4DC1-9EC7-EACE0B76716A}.Release|x64.Build.0 = Release|x64
		{B702D8E8-62F0-4DC1-9EC7-EACE0B76716A}.Release|x86.ActiveCfg = Release|Win32
		{B702D8E8-62F0-4DC1-9EC7-EACE0B76716A}.Release|x86.Build.0 = Release|Win32
		{E968999C-8FCA-497B-AFB5-1B6A7F9835A4}.Debug|ARM64.ActiveCfg = Debug|ARM64
		{E968999C-8FCA-497B-AFB5-1B6A7F9835A4}.Debug|ARM64.Build.0 = Debug|ARM64
		{E968999C-8FCA-497B-AFB5-1B6A7F9835A4}.Debug|x64.ActiveCfg = Debug|x64
		{E968999C-8FCA-497B-AFB5-1B6A7F9835A4}.Debug|x64.Build.0 = Debug|x64
		{E968999C-8FCA-497B-AFB5-1B6A7F9835A4}.Debug|x86.ActiveCfg = Debug|Win32
		{E968999C-8FCA-497B-AFB5-1B6A7F9835A4}.Debug|x86.Build.0 = Debug|Win32
		{E968999C-8FCA-497B-AFB5-1B6A7F9835A4}.Release|ARM64.ActiveCfg = Release|ARM64
		{E968999C-8FCA-497B-AFB5-1B6A7F9835A4}.Release|ARM64.Build.0 = Release|ARM64
		{E968999C-8FCA-497B-AFB5-1B6A7F9835A4}.Release|x64.ActiveCfg = Release|x64
		{E968999C-8FCA-497B-AFB5-1B6A7F9835A4}.Release|x64.Build.0 = Release|x64
		{E968999C-8FCA-497B-AFB5-1B6A7F9835A4}.Release|x86.ActiveCfg = Release|Win32
		{E968999C-8FCA-497B-AFB5-1B6A7F9835A4}.Release|x86.Build.0 = Release|Win32
		{E423E38B-E351-4151-895D-5336D27C9A2F}.Debug|ARM64.ActiveCfg = Debug|ARM64
		{E423E38B-E351-4151-895D-5336D27C9A2F}.Debug|ARM64.Build.0 = Debug|ARM64
		{E423E38B-E351-4151-895D-5336D27C9A2F}.Debug|x64.ActiveCfg = Debug|x64
		{E423E38B-E351-4151-895D-5336D27C9A2F}.Debug|x64.Build.0 = Debug|x64
		{E423E38B-E351-4151-895D-5336D27C9A2F}.Debug|x86.ActiveCfg = Debug|Win32
		{E423E38B-E351-4151-895D-5336D27C9A2F}.Debug|x86.Build.0 = Debug|Win32
		{E423E38B-E351-4151-895D-5336D27C9A2F}.Release|ARM64.ActiveCfg = Release|ARM64
		{E423E38B-E351-4151-895D-5336D27C9A2F}.Release|ARM64.Build.0 = Release|ARM64
		{E423E38B-E351-4151-895D-5336D27C9A2F}.Release|x64.ActiveCfg = Release|x64
		{E423E38B-E351-4151-895D-5336D27C9A2F}.Release|x64.Build.0 = Release|x64
		{E423E38B-E351-4151-895D-5336D27C9A2F}.Release|x86.ActiveCfg = Release|Win32
		{E423E38B-E351-4151-895D-5336D27C9A2F}.Release|x86.Build.0 = Release|Win32
		{567DA5F4-5B2E-4993-9370-C4A4F022C928}.Debug|ARM64.ActiveCfg = Debug|ARM64
		{567DA5F4-5B2E-4993-9370-C4A4F022C928}.Debug|ARM64.Build.0 = Debug|ARM64
		{567DA5F4-5B2E-4993-9370-C4A4F022C928}.Debug|x64.ActiveCfg = Debug|x64
		{567DA5F4-5B2E-4993-9370-C4A4F022C928}.Debug|x64.Build.0 = Debug|x64
		{567DA5F4-5B2E-4993-9370-C4A4F022C928}.Debug|x86.ActiveCfg = Debug|Win32
		{567DA5F4-5B2E-4993-9370-C4A4F022C928}.Debug|x86.Build.0 = Debug|Win32
		{567DA5F4-5B2E-4993-9370-C4A4F022C928}.Release|ARM64.ActiveCfg = Release|ARM64
		{567DA5F4-5B2E-4993-9370-C4A4F022C928}.Release|ARM64.Build.0 = Release|ARM64
		{567DA5F4-5B2E-4993-9370-C4A4F022C928}.Release|x64.ActiveCfg = Release|x64
		{567DA5F4-5B2E-4993-9370-C4A4F022C928}.Release|x64.Build.0 = Release|x64
		{567DA5F4-5B2E-4993-9370-C4A4F022C928}.Release|x86.ActiveCfg = Release|Win32
		{567DA5F4-5B2E-4993-9370-C4A4F022C928}.Release|x86.Build.0 = Release|Win32
		{4B0CA96B-1BED-45AB-B8AA-A1CDCD6F68C0}.Debug|ARM64.ActiveCfg = Debug|Win32
		{4B0CA96B-1BED-45AB-B8AA-A1CDCD6F68C0}.Debug|x64.ActiveCfg = Debug|x64
		{4B0CA96B-1BED-45AB-B8AA-A1CDCD6F68C0}.Debug|x64.Build.0 = Debug|x64
		{4B0CA96B-1BED-45AB-B8AA-A1CDCD6F68C0}.Debug|x86.ActiveCfg = Debug|Win32
		{4B0CA96B-1BED-45AB-B8AA-A1CDCD6F68C0}.Debug|x86.Build.0 = Debug|Win32
		{4B0CA96B-1BED-45AB-B8AA-A1CDCD6F68C0}.Release|ARM64.ActiveCfg = Release|Win32
		{4B0CA96B-1BED-45AB-B8AA-A1CDCD6F68C0}.Release|x64.ActiveCfg = Release|x64
		{4B0CA96B-1BED-45AB-B8AA-A1CDCD6F68C0}.Release|x64.Build.0 = Release|x64
		{4B0CA96B-1BED-45AB-B8AA-A1CDCD6F68C0}.Release|x86.ActiveCfg = Release|Win32
		{4B0CA96B-1BED-45AB-B8AA-A1CDCD6F68C0}.Release|x86.Build.0 = Release|Win32
		{D106EC5D-389E-45A6-92FB-6E79550B0519}.Debug|ARM64.ActiveCfg = Debug|ARM64
		{D106EC5D-389E-45A6-92FB-6E79550B0519}.Debug|ARM64.Build.0 = Debug|ARM64
		{D106EC5D-389E-45A6-92FB-6E79550B0519}.Debug|x64.ActiveCfg = Debug|x64
		{D106EC5D-389E-45A6-92FB-6E79550B0519}.Debug|x64.Build.0 = Debug|x64
		{D106EC5D-389E-45A6-92FB-6E79550B0519}.Debug|x86.ActiveCfg = Debug|Win32
		{D106EC5D-389E-45A6-92FB-6E79550B0519}.Debug|x86.Build.0 = Debug|Win32
		{D106EC5D-389E-45A6-92FB-6E79550B0519}.Release|ARM64.ActiveCfg = Release|ARM64
		{D106EC5D-389E-45A6-92FB-6E79550B0519}.Release|ARM64.Build.0 = Release|ARM64
		{D106EC5D-389E-45A6-92FB-6E79550B0519}.Release|x64.ActiveCfg = Release|x64
		{D106EC5D-389E-45A6-92FB-6E79550B0519}.Release|x64.Build.0 = Release|x64
		{D106EC5D-389E-45A6-92FB-6E79550B0519}.Release|x86.ActiveCfg = Release|Win32
		{D106EC5D-389E-45A6-92FB-6E79550B0519}.Release|x86.Build.0 = Release|Win32
		{2DA5FF1E-745A-4C30-A73E-53849F22D18A}.Debug|ARM64.ActiveCfg = Debug|ARM64
		{2DA5FF1E-745A-4C30-A73E-53849F22D18A}.Debug|ARM64.Build.0 = Debug|ARM64
		{2DA5FF1E-745A-4C30-A73E-53849F22D18A}.Debug|x64.ActiveCfg = Debug|x64
		{2DA5FF1E-745A-4C30-A73E-53849F22D18A}.Debug|x64.Build.0 = Debug|x64
		{2DA5FF1E-745A-4C30-A73E-53849F22D18A}.Debug|x86.ActiveCfg = Debug|Win32
		{2DA5FF1E-745A-4C30-A73E-53849F22D18A}.Debug|x86.Build.0 = Debug|Win32
		{2DA5FF1E-745A-4C30-A73E-53849F22D18A}.Release|ARM64.ActiveCfg = Release|ARM64
		{2DA5FF1E-745A-4C30-A73E-53849F22D18A}.Release|ARM64.Build.0 = Release|ARM64
		{2DA5FF1E-745A-4C30-A73E-53849F22D18A}.Release|x64.ActiveCfg = Release|x64
		{2DA5FF1E-745A-4C30-A73E-53849F22D18A}.Release|x64.Build.0 = Release|x64
		{2DA5FF1E-745A-4C30-A73E-53849F22D18A}.Release|x86.ActiveCfg = Release|Win32
		{2DA5FF1E-745A-4C30-A73E-53849F22D18A}.Release|x86.Build.0 = Release|Win32
		{9CAAF0AB-D0A2-4CA1-9AB0-881D1D12FD19}.Debug|ARM64.ActiveCfg = Debug|ARM64
		{9CAAF0AB-D0A2-4CA1-9AB0-881D1D12FD19}.Debug|ARM64.Build.0 = Debug|ARM64
		{9CAAF0AB-D0A2-4CA1-9AB0-881D1D12FD19}.Debug|x64.ActiveCfg = Debug|x64
		{9CAAF0AB-D0A2-4CA1-9AB0-881D1D12FD19}.Debug|x64.Build.0 = Debug|x64
		{9CAAF0AB-D0A2-4CA1-9AB0-881D1D12FD19}.Debug|x86.ActiveCfg = Debug|Win32
		{9CAAF0AB-D0A2-4CA1-9AB0-881D1D12FD19}.Debug|x86.Build.0 = Debug|Win32
		{9CAAF0AB-D0A2-4CA1-9AB0-881D1D12FD19}.Release|ARM64.ActiveCfg = Release|ARM64
		{9CAAF0AB-D0A2-4CA1-9AB0-881D1D12FD19}.Release|ARM64.Build.0 = Release|ARM64
		{9CAAF0AB-D0A2-4CA1-9AB0-881D1D12FD19}.Release|x64.ActiveCfg = Release|x64
		{9CAAF0AB-D0A2-4CA1-9AB0-881D1D12FD19}.Release|x64.Build.0 = Release|x64
		{9CAAF0AB-D0A2-4CA1-9AB0-881D1D12FD19}.Release|x86.ActiveCfg = Release|Win32
		{9CAAF0AB-D0A2-4CA1-9AB0-881D1D12FD19}.Release|x86.Build.0 = Release|Win32
		{400E59EB-6E4C-461A-91B2-202F85F33D41}.Debug|ARM64.ActiveCfg = Debug|ARM64
		{400E59EB-6E4C-461A-91B2-202F85F33D41}.Debug|ARM64.Build.0 = Debug|ARM64
		{400E59EB-6E4C-461A-91B2-202F85F33D41}.Debug|x64.ActiveCfg = Debug|x64
		{400E59EB-6E4C-461A-91B2-202F85F33D41}.Debug|x64.Build.0 = Debug|x64
		{400E59EB-6E4C-461A-91B2-202F85F33D41}.Debug|x86.ActiveCfg = Debug|Win32
		{400E59EB-6E4C-461A-91B2-202F85F33D41}.Debug|x86.Build.0 = Debug|Win32
		{400E59EB-6E4C-461A-91B2-202F85F33D41}.Release|ARM64.ActiveCfg = Release|ARM64
		{400E59EB-6E4C-461A-91B2-202F85F33D41}.Release|ARM64.Build.0 = Release|ARM64
		{400E59EB-6E4C-461A-91B2-202F85F33D41}.Release|x64.ActiveCfg = Release|x64
		{400E59EB-6E4C-461A-91B2-202F85F33D41}.Release|x64.Build.0 = Release|x64
		{400E59EB-6E4C-461A-91B2-202F85F33D41}.Release|x86.ActiveCfg = Release|Win32
		{400E59EB-6E4C-461A-91B2-202F85F33D41}.Release|x86.Build.0 = Release|Win32
		{B2711B30-AE9C-4015-AF37-8795C0EC9064}.Debug|ARM64.ActiveCfg = Debug|ARM64
		{B2711B30-AE9C-4015-AF37-8795C0EC9064}.Debug|ARM64.Build.0 = Debug|ARM64
		{B2711B30-AE9C-4015-AF37-8795C0EC9064}.Debug|x64.ActiveCfg = Debug|x64
		{B2711B30-AE9C-4015-AF37-8795C0EC9064}.Debug|x64.Build.0 = Debug|x64
		{B2711B30-AE9C-4015-AF37-8795C0EC9064}.Debug|x86.ActiveCfg = Debug|Win32
		{B2711B30-AE9C-4015-AF37-8795C0EC9064}.Debug|x86.Build.0 = Debug|Win32
		{B2711B30-AE9C-4015-AF37-8795C0EC9064}.Release|ARM64.ActiveCfg = Release|ARM64
		{B2711B30-AE9C-4015-AF37-8795C0EC9064}.Release|ARM64.Build.0 = Release|ARM64
		{B2711B30-AE9C-4015-AF37-8795C0EC9064}.Release|x64.ActiveCfg = Release|x64
		{B2711B30-AE9C-4015-AF37-8795C0EC9064}.Release|x64.Build.0 = Release|x64
		{B2711B30-AE9C-4015-AF37-8795C0EC9064}.Release|x86.ActiveCfg = Release|Win32
		{B2711B30-AE9C-4015-AF37-8795C0EC9064}.Release|x86.Build.0 = Release|Win32
	EndGlobalSection
	GlobalSection(SolutionProperties) = preSolution
		HideSolutionNode = FALSE
	EndGlobalSection
	GlobalSection(ExtensibilityGlobals) = postSolution
		SolutionGuid = {D2461135-062D-43D6-A4B3-6E355B540FC7}
	EndGlobalSection
EndGlobal
