<?xml version="1.0" encoding="utf-8"?>
<Project ToolsVersion="4.0" xmlns="http://schemas.microsoft.com/developer/msbuild/2003">
  <ItemGroup>
    <ClCompile Include="main.cpp" />
    <ClCompile Include="dwc2_channel.cpp" />
    <ClCompile Include="dwc2_root.cpp" />
    <ClCompile Include="usb_desc.cpp" />
    <ClCompile Include="dwc2_usbdev.cpp" />
    <ClCompile Include="usb_stdhub.cpp" />
    <ClCompile Include="lan7800.cpp" />
    <ClCompile Include="usb_hid.cpp" />
  </ItemGroup>
  <ItemGroup>
    <ClInclude Include="dwc2_reg.h" />
    <ClInclude Include="dwc2.h" />
    <ClInclude Include="dwc2_usbdev.h" />
    <ClInclude Include="usb_desc.h" />
    <ClInclude Include="usb_stdhub.h" />
    <ClInclude Include="lan7800.h" />
    <ClInclude Include="usb_hid.h" />
  </ItemGroup>
</Project>