<?xml version="1.0" encoding="utf-8"?>
<Project ToolsVersion="4.0" xmlns="http://schemas.microsoft.com/developer/msbuild/2003">
  <ItemGroup>
    <ClInclude Include="chitralekha.h" />
    <ClInclude Include="_fastcpy.h" />
    <ClInclude Include="color.h" />
    <ClInclude Include="font.h" />
    <ClInclude Include="ttf.h" />
    <ClInclude Include="nanojpg.h" />
    <ClInclude Include="image.h" />
    <ClInclude Include="draw.h" />
    <ClInclude Include="widgets\base.h">
      <Filter>widgets</Filter>
    </ClInclude>
    <ClInclude Include="widgets\window.h">
      <Filter>widgets</Filter>
    </ClInclude>
    <ClInclude Include="widgets\list.h">
      <Filter>widgets</Filter>
    </ClInclude>
    <ClInclude Include="boxblur.h" />
    <ClInclude Include="keycode.h" />
    <ClInclude Include="widgets\button.h">
      <Filter>widgets</Filter>
    </ClInclude>
    <ClInclude Include="widgets\msgbox.h">
      <Filter>widgets</Filter>
    </ClInclude>
    <ClInclude Include="widgets\menubar.h">
      <Filter>widgets</Filter>
    </ClInclude>
    <ClInclude Include="widgets\menu.h">
      <Filter>widgets</Filter>
    </ClInclude>
    <ClInclude Include="widgets\view.h">
      <Filter>widgets</Filter>
    </ClInclude>
    <ClInclude Include="widgets\scrollpane.h">
      <Filter>widgets</Filter>
    </ClInclude>
    <ClInclude Include="widgets\icon.h">
      <Filter>widgets</Filter>
    </ClInclude>
    <ClInclude Include="bmp.h" />
    <ClInclude Include="widgets\slider.h">
      <Filter>widgets</Filter>
    </ClInclude>
    <ClInclude Include="widgets\progress.h">
      <Filter>widgets</Filter>
    </ClInclude>
    <ClInclude Include="audio\audio.h">
      <Filter>audio</Filter>
    </ClInclude>
    <ClInclude Include="stb_truetype.h" />
  </ItemGroup>
  <ItemGroup>
    <ClCompile Include="chitralekha.cpp" />
    <ClCompile Include="font.cpp" />
    <ClCompile Include="ttf.cpp" />
    <ClCompile Include="draw.cpp" />
    <ClCompile Include="color.cpp" />
    <ClCompile Include="widgets\base.cpp">
      <Filter>widgets</Filter>
    </ClCompile>
    <ClCompile Include="widgets\window.cpp">
      <Filter>widgets</Filter>
    </ClCompile>
    <ClCompile Include="widgets\defaultwindow.cpp">
      <Filter>widgets\styles</Filter>
    </ClCompile>
    <ClCompile Include="widgets\list.cpp">
      <Filter>widgets</Filter>
    </ClCompile>
    <ClCompile Include="boxblur.cpp" />
    <ClCompile Include="keycode.cpp" />
    <ClCompile Include="widgets\button.cpp">
      <Filter>widgets</Filter>
    </ClCompile>
    <ClCompile Include="widgets\msgbox.cpp">
      <Filter>widgets</Filter>
    </ClCompile>
    <ClCompile Include="widgets\menubar.cpp">
      <Filter>widgets</Filter>
    </ClCompile>
    <ClCompile Include="widgets\defaultmenu.cpp">
      <Filter>widgets\styles</Filter>
    </ClCompile>
    <ClCompile Include="widgets\menu.cpp">
      <Filter>widgets</Filter>
    </ClCompile>
    <ClCompile Include="widgets\view.cpp">
      <Filter>widgets</Filter>
    </ClCompile>
    <ClCompile Include="widgets\scrollpane.cpp">
      <Filter>widgets</Filter>
    </ClCompile>
    <ClCompile Include="widgets\defaultscrollbar.cpp">
      <Filter>widgets\styles</Filter>
    </ClCompile>
    <ClCompile Include="widgets\defaultviews.cpp">
      <Filter>widgets\styles</Filter>
    </ClCompile>
    <ClCompile Include="widgets\icon.cpp">
      <Filter>widgets</Filter>
    </ClCompile>
    <ClCompile Include="widgets\slider.cpp">
      <Filter>widgets</Filter>
    </ClCompile>
    <ClCompile Include="widgets\defaultslider.cpp">
      <Filter>widgets\styles</Filter>
    </ClCompile>
    <ClCompile Include="widgets\progress.cpp">
      <Filter>widgets</Filter>
    </ClCompile>
    <ClCompile Include="widgets\defaultprogressbar.cpp">
      <Filter>widgets\styles</Filter>
    </ClCompile>
    <ClCompile Include="audio\audio.cpp">
      <Filter>audio</Filter>
    </ClCompile>
    <ClCompile Include="widgets\popupwin.cpp">
      <Filter>widgets</Filter>
    </ClCompile>
  </ItemGroup>
  <ItemGroup>
    <NASM Include="_fastcpy.asm" />
  </ItemGroup>
  <ItemGroup>
    <Filter Include="widgets">
      <UniqueIdentifier>{bcfa2074-8cf4-44a2-bb4a-d90f36a1db6e}</UniqueIdentifier>
    </Filter>
    <Filter Include="widgets\styles">
      <UniqueIdentifier>{b5b17953-d019-44d0-8c19-c77d99ba6938}</UniqueIdentifier>
    </Filter>
    <Filter Include="audio">
      <UniqueIdentifier>{ff881b15-1059-465a-a98f-c10592ada390}</UniqueIdentifier>
    </Filter>
  </ItemGroup>
</Project>