<?xml version="1.0" encoding="utf-8"?>
<Project ToolsVersion="4.0" xmlns="http://schemas.microsoft.com/developer/msbuild/2003">
  <ItemGroup>
    <ClCompile Include="init.c" />
    <ClCompile Include="Hal\vector.c">
      <Filter>Hal</Filter>
    </ClCompile>
    <ClCompile Include="aucon.c" />
    <ClCompile Include="Hal\aa64cpu.c">
      <Filter>Hal</Filter>
    </ClCompile>
    <ClCompile Include="dtb.c" />
    <ClCompile Include="Mm\pmmngr.c">
      <Filter>Mm</Filter>
    </ClCompile>
    <ClCompile Include="string.c" />
    <ClCompile Include="Mm\vmmngr.c">
      <Filter>Mm</Filter>
    </ClCompile>
    <ClCompile Include="Mm\kmalloc.c">
      <Filter>Mm</Filter>
    </ClCompile>
    <ClCompile Include="Mm\liballoc.c">
      <Filter>Mm</Filter>
    </ClCompile>
    <ClCompile Include="Hal\serial.c">
      <Filter>Hal</Filter>
    </ClCompile>
    <ClCompile Include="stdio.c" />
    <ClCompile Include="ctype.c" />
    <ClCompile Include="Hal\gic.c">
      <Filter>Hal</Filter>
    </ClCompile>
    <ClCompile Include="Hal\basicacpi.c">
      <Filter>Hal</Filter>
    </ClCompile>
    <ClCompile Include="Drivers\uart.c">
      <Filter>Drivers</Filter>
    </ClCompile>
    <ClCompile Include="Drivers\rtcmmio.c">
      <Filter>Drivers</Filter>
    </ClCompile>
    <ClCompile Include="Fs\vfs.c">
      <Filter>Fs</Filter>
    </ClCompile>
    <ClCompile Include="Fs\Dev\devfs.c">
      <Filter>Fs\Dev</Filter>
    </ClCompile>
    <ClCompile Include="Fs\Dev\devinput.c">
      <Filter>Fs\Dev</Filter>
    </ClCompile>
    <ClCompile Include="list.c" />
    <ClCompile Include="Fs\vdisk.c">
      <Filter>Fs</Filter>
    </ClCompile>
    <ClCompile Include="Fs\initrd.c">
      <Filter>Fs</Filter>
    </ClCompile>
    <ClCompile Include="Fs\Fat\Fat.c">
      <Filter>Fs\Fat</Filter>
    </ClCompile>
    <ClCompile Include="Fs\Fat\FatFile.c">
      <Filter>Fs\Fat</Filter>
    </ClCompile>
    <ClCompile Include="pcie.c" />
    <ClCompile Include="audrv.c" />
    <ClCompile Include="pe.c" />
    <ClCompile Include="Fs\pipe.c">
      <Filter>Fs</Filter>
    </ClCompile>
    <ClCompile Include="Board\Virt\fwcfg.c">
      <Filter>Board\Virt</Filter>
    </ClCompile>
    <ClCompile Include="Board\board.c">
      <Filter>Board</Filter>
    </ClCompile>
    <ClCompile Include="Board\Virt\virtioblk.c">
      <Filter>Board\Virt</Filter>
    </ClCompile>
    <ClCompile Include="Board\Virt\virt.c">
      <Filter>Board\Virt</Filter>
    </ClCompile>
    <ClCompile Include="Hal\systable.c">
      <Filter>Hal</Filter>
    </ClCompile>
    <ClCompile Include="Hal\sched.c">
      <Filter>Hal</Filter>
    </ClCompile>
    <ClCompile Include="process.c" />
    <ClCompile Include="loader.c" />
    <ClCompile Include="Serv\thrserv.c">
      <Filter>Serv</Filter>
    </ClCompile>
    <ClCompile Include="Fs\tty.c">
      <Filter>Fs</Filter>
    </ClCompile>
    <ClCompile Include="circbuf.c" />
    <ClCompile Include="Drivers\virtiokbd.c">
      <Filter>Drivers</Filter>
    </ClCompile>
    <ClCompile Include="Serv\fileserv.c">
      <Filter>Serv</Filter>
    </ClCompile>
    <ClCompile Include="Mm\shm.c">
      <Filter>Mm</Filter>
    </ClCompile>
    <ClCompile Include="Mm\mmserv.c">
      <Filter>Serv</Filter>
    </ClCompile>
    <ClCompile Include="Mm\mmap.c">
      <Filter>Mm</Filter>
    </ClCompile>
    <ClCompile Include="Mm\vma.c">
      <Filter>Mm</Filter>
    </ClCompile>
    <ClCompile Include="ftmngr.c" />
    <ClCompile Include="Ipc\postbox.c">
      <Filter>Ipc</Filter>
    </ClCompile>
    <ClCompile Include="Drivers\virtiotablet.c">
      <Filter>Drivers</Filter>
    </ClCompile>
    <ClCompile Include="Net\ipv4.c">
      <Filter>Net</Filter>
    </ClCompile>
  </ItemGroup>
  <ItemGroup>
    <Filter Include="Hal">
      <UniqueIdentifier>{a87bd101-57b9-471d-b917-36359786adb8}</UniqueIdentifier>
    </Filter>
    <Filter Include="Include">
      <UniqueIdentifier>{f3b1c436-a8b1-4401-8163-30f4efdbdb92}</UniqueIdentifier>
    </Filter>
    <Filter Include="Include\Hal">
      <UniqueIdentifier>{575f8990-f325-43f1-9daf-9af4f9d5fce9}</UniqueIdentifier>
    </Filter>
    <Filter Include="Mm">
      <UniqueIdentifier>{906f7182-2c07-4476-b342-d47f03af50d3}</UniqueIdentifier>
    </Filter>
    <Filter Include="Include\Mm">
      <UniqueIdentifier>{d3d7db67-206f-4519-a027-d9be213a0a97}</UniqueIdentifier>
    </Filter>
    <Filter Include="Include\Drivers">
      <UniqueIdentifier>{5c378562-63c9-49a7-96af-f387843c99b1}</UniqueIdentifier>
    </Filter>
    <Filter Include="Drivers">
      <UniqueIdentifier>{d503652f-2888-492d-aed1-5af3fe35f5db}</UniqueIdentifier>
    </Filter>
    <Filter Include="Fs">
      <UniqueIdentifier>{a6c6091c-adcc-4d9a-a7d9-522a36599370}</UniqueIdentifier>
    </Filter>
    <Filter Include="Fs\Dev">
      <UniqueIdentifier>{2b71d464-4635-4265-83f4-83f900efc318}</UniqueIdentifier>
    </Filter>
    <Filter Include="Include\Fs">
      <UniqueIdentifier>{62dc4e51-5618-4e4e-9609-0d022ec8218a}</UniqueIdentifier>
    </Filter>
    <Filter Include="Fs\Fat">
      <UniqueIdentifier>{80275dfa-203a-4e63-be39-f2d58931adfc}</UniqueIdentifier>
    </Filter>
    <Filter Include="Board">
      <UniqueIdentifier>{9bb5cdfa-2176-405e-b14f-60266da46c3e}</UniqueIdentifier>
    </Filter>
    <Filter Include="Board\Virt">
      <UniqueIdentifier>{67e2c92e-7179-4857-bb26-2023ebd74ce3}</UniqueIdentifier>
    </Filter>
    <Filter Include="Serv">
      <UniqueIdentifier>{d53e9161-7905-4cec-ba48-ca5e559f4c2d}</UniqueIdentifier>
    </Filter>
    <Filter Include="Net">
      <UniqueIdentifier>{dec9f210-6aca-4137-b8b8-bbc17d6b0fe7}</UniqueIdentifier>
    </Filter>
    <Filter Include="Ipc">
      <UniqueIdentifier>{395952cf-bd09-4b89-b4a0-52c43b85e2da}</UniqueIdentifier>
    </Filter>
  </ItemGroup>
  <ItemGroup>
    <CustomBuild Include="Hal\aa64vector.s">
      <Filter>Hal</Filter>
    </CustomBuild>
    <CustomBuild Include="Hal\aa64lowlevel.s">
      <Filter>Hal</Filter>
    </CustomBuild>
    <CustomBuild Include="Hal\aa64switch.s">
      <Filter>Hal</Filter>
    </CustomBuild>
    <CustomBuild Include="Hal\aa64_print.s">
      <Filter>Hal</Filter>
    </CustomBuild>
  </ItemGroup>
  <ItemGroup>
    <ClInclude Include="..\BaseHdr\Hal\AA64\aa64lowlevel.h">
      <Filter>Include\Hal</Filter>
    </ClInclude>
    <ClInclude Include="..\BaseHdr\Hal\AA64\vector.h">
      <Filter>Include\Hal</Filter>
    </ClInclude>
    <ClInclude Include="..\BaseHdr\Hal\AA64\aa64cpu.h">
      <Filter>Include\Hal</Filter>
    </ClInclude>
    <ClInclude Include="..\BaseHdr\dtb.h">
      <Filter>Include</Filter>
    </ClInclude>
    <ClInclude Include="..\BaseHdr\Hal\AA64\qemu.h">
      <Filter>Include\Hal</Filter>
    </ClInclude>
    <ClInclude Include="font.h" />
    <ClInclude Include="..\BaseHdr\Hal\AA64\gic.h">
      <Filter>Include\Hal</Filter>
    </ClInclude>
    <ClInclude Include="..\BaseHdr\aa64hcode.h">
      <Filter>Include\Hal</Filter>
    </ClInclude>
    <ClInclude Include="..\BaseHdr\uart.h">
      <Filter>Include</Filter>
    </ClInclude>
    <ClInclude Include="..\BaseHdr\Drivers\uart.h">
      <Filter>Include\Drivers</Filter>
    </ClInclude>
    <ClInclude Include="..\BaseHdr\Drivers\rtcmmio.h">
      <Filter>Include\Drivers</Filter>
    </ClInclude>
    <ClInclude Include="..\BaseHdr\kernelAA64.h">
      <Filter>Include</Filter>
    </ClInclude>
    <ClInclude Include="..\BaseHdr\Fs\initrd.h">
      <Filter>Include\Fs</Filter>
    </ClInclude>
    <ClInclude Include="..\BaseHdr\Hal\AA64\sched.h">
      <Filter>Include\Hal</Filter>
    </ClInclude>
    <ClInclude Include="..\BaseHdr\Drivers\virtio.h">
      <Filter>Include\Drivers</Filter>
    </ClInclude>
    <ClInclude Include="..\BaseHdr\Hal\AA64\rpi3.h">
      <Filter>Include\Hal</Filter>
    </ClInclude>
  </ItemGroup>
  <ItemGroup>
    <None Include="exports.def" />
  </ItemGroup>
</Project>